
Microsoft Visual Studio Solution File, Format Version 12.00
# Visual Studio 15
VisualStudioVersion = 15.0.28307.421
MinimumVisualStudioVersion = 10.0.40219.1
Project("{9A19103F-16F7-4668-BE54-9A1E7A4F7556}") = "ScientificProgramming", "ScientificProgramming\ScientificProgramming.csproj", "{2CDABA93-3302-4E40-B1A1-02C164BE911F}"
EndProject
Project("{FAE04EC0-301F-11D3-BF4B-00C04F79EFBC}") = "UnitTests", "UnitTestProject1\UnitTests.csproj", "{1DE9AF7C-CA3A-4527-A3B8-D4274BF04F66}"
EndProject
Global
	GlobalSection(SolutionConfigurationPlatforms) = preSolution
		Debug|Any CPU = Debug|Any CPU
		Release|Any CPU = Release|Any CPU
	EndGlobalSection
	GlobalSection(ProjectConfigurationPlatforms) = postSolution
		{2CDABA93-3302-4E40-B1A1-02C164BE911F}.Debug|Any CPU.ActiveCfg = Debug|Any CPU
		{2CDABA93-3302-4E40-B1A1-02C164BE911F}.Debug|Any CPU.Build.0 = Debug|Any CPU
		{2CDABA93-3302-4E40-B1A1-02C164BE911F}.Release|Any CPU.ActiveCfg = Release|Any CPU
		{2CDABA93-3302-4E40-B1A1-02C164BE911F}.Release|Any CPU.Build.0 = Release|Any CPU
		{1DE9AF7C-CA3A-4527-A3B8-D4274BF04F66}.Debug|Any CPU.ActiveCfg = Debug|Any CPU
		{1DE9AF7C-CA3A-4527-A3B8-D4274BF04F66}.Debug|Any CPU.Build.0 = Debug|Any CPU
		{1DE9AF7C-CA3A-4527-A3B8-D4274BF04F66}.Release|Any CPU.ActiveCfg = Release|Any CPU
		{1DE9AF7C-CA3A-4527-A3B8-D4274BF04F66}.Release|Any CPU.Build.0 = Release|Any CPU
	EndGlobalSection
	GlobalSection(SolutionProperties) = preSolution
		HideSolutionNode = FALSE
	EndGlobalSection
	GlobalSection(ExtensibilityGlobals) = postSolution
		SolutionGuid = {A08D9753-1A62-4B24-816A-B4A77058E18F}
	EndGlobalSection
EndGlobal
